// !$*UTF8*$!
{
	archiveVersion = 1;
	classes = {
	};
	objectVersion = 46;
	objects = {

/* Begin PBXBuildFile section */
		3E9E968F1DF43E5700F0FAA1 /* AppDelegate.swift in Sources */ = {isa = PBXBuildFile; fileRef = 3E9E968E1DF43E5700F0FAA1 /* AppDelegate.swift */; };
		3E9E96911DF43E5700F0FAA1 /* ViewController.swift in Sources */ = {isa = PBXBuildFile; fileRef = 3E9E96901DF43E5700F0FAA1 /* ViewController.swift */; };
		3E9E96941DF43E5700F0FAA1 /* Main.storyboard in Resources */ = {isa = PBXBuildFile; fileRef = 3E9E96921DF43E5700F0FAA1 /* Main.storyboard */; };
		3E9E96961DF43E5700F0FAA1 /* Assets.xcassets in Resources */ = {isa = PBXBuildFile; fileRef = 3E9E96951DF43E5700F0FAA1 /* Assets.xcassets */; };
		3E9E96991DF43E5700F0FAA1 /* LaunchScreen.storyboard in Resources */ = {isa = PBXBuildFile; fileRef = 3E9E96971DF43E5700F0FAA1 /* LaunchScreen.storyboard */; };
		3E9E96A41DF43E5700F0FAA1 /* scrollerAnimationDemoTests.swift in Sources */ = {isa = PBXBuildFile; fileRef = 3E9E96A31DF43E5700F0FAA1 /* scrollerAnimationDemoTests.swift */; };
		3E9E96AF1DF43E5700F0FAA1 /* scrollerAnimationDemoUITests.swift in Sources */ = {isa = PBXBuildFile; fileRef = 3E9E96AE1DF43E5700F0FAA1 /* scrollerAnimationDemoUITests.swift */; };
		3E9E96C01DF43E9E00F0FAA1 /* hScrollerAnimationView.swift in Sources */ = {isa = PBXBuildFile; fileRef = 3E9E96BD1DF43E9E00F0FAA1 /* hScrollerAnimationView.swift */; };
		3E9E96C11DF43E9E00F0FAA1 /* helper.swift in Sources */ = {isa = PBXBuildFile; fileRef = 3E9E96BE1DF43E9E00F0FAA1 /* helper.swift */; };
		3E9E96C21DF43E9E00F0FAA1 /* CardView.swift in Sources */ = {isa = PBXBuildFile; fileRef = 3E9E96BF1DF43E9E00F0FAA1 /* CardView.swift */; };
		3E9E96C41DF43F7900F0FAA1 /* hLayout.swift in Sources */ = {isa = PBXBuildFile; fileRef = 3E9E96C31DF43F7900F0FAA1 /* hLayout.swift */; };
		3E9E96CB1DF44CAE00F0FAA1 /* icon1.jpg in Resources */ = {isa = PBXBuildFile; fileRef = 3E9E96C91DF44CAE00F0FAA1 /* icon1.jpg */; };
		3E9E96CC1DF44CAE00F0FAA1 /* icon2.jpg in Resources */ = {isa = PBXBuildFile; fileRef = 3E9E96CA1DF44CAE00F0FAA1 /* icon2.jpg */; };
/* End PBXBuildFile section */

/* Begin PBXContainerItemProxy section */
		3E9E96A01DF43E5700F0FAA1 /* PBXContainerItemProxy */ = {
			isa = PBXContainerItemProxy;
			containerPortal = 3E9E96831DF43E5700F0FAA1 /* Project object */;
			proxyType = 1;
			remoteGlobalIDString = 3E9E968A1DF43E5700F0FAA1;
			remoteInfo = scrollerAnimationDemo;
		};
		3E9E96AB1DF43E5700F0FAA1 /* PBXContainerItemProxy */ = {
			isa = PBXContainerItemProxy;
			containerPortal = 3E9E96831DF43E5700F0FAA1 /* Project object */;
			proxyType = 1;
			remoteGlobalIDString = 3E9E968A1DF43E5700F0FAA1;
			remoteInfo = scrollerAnimationDemo;
		};
/* End PBXContainerItemProxy section */

/* Begin PBXFileReference section */
		3E9E968B1DF43E5700F0FAA1 /* scrollerAnimationDemo.app */ = {isa = PBXFileReference; explicitFileType = wrapper.application; includeInIndex = 0; path = scrollerAnimationDemo.app; sourceTree = BUILT_PRODUCTS_DIR; };
		3E9E968E1DF43E5700F0FAA1 /* AppDelegate.swift */ = {isa = PBXFileReference; lastKnownFileType = sourcecode.swift; path = AppDelegate.swift; sourceTree = "<group>"; };
		3E9E96901DF43E5700F0FAA1 /* ViewController.swift */ = {isa = PBXFileReference; lastKnownFileType = sourcecode.swift; path = ViewController.swift; sourceTree = "<group>"; };
		3E9E96931DF43E5700F0FAA1 /* Base */ = {isa = PBXFileReference; lastKnownFileType = file.storyboard; name = Base; path = Base.lproj/Main.storyboard; sourceTree = "<group>"; };
		3E9E96951DF43E5700F0FAA1 /* Assets.xcassets */ = {isa = PBXFileReference; lastKnownFileType = folder.assetcatalog; path = Assets.xcassets; sourceTree = "<group>"; };
		3E9E96981DF43E5700F0FAA1 /* Base */ = {isa = PBXFileReference; lastKnownFileType = file.storyboard; name = Base; path = Base.lproj/LaunchScreen.storyboard; sourceTree = "<group>"; };
		3E9E969A1DF43E5700F0FAA1 /* Info.plist */ = {isa = PBXFileReference; lastKnownFileType = text.plist.xml; path = Info.plist; sourceTree = "<group>"; };
		3E9E969F1DF43E5700F0FAA1 /* scrollerAnimationDemoTests.xctest */ = {isa = PBXFileReference; explicitFileType = wrapper.cfbundle; includeInIndex = 0; path = scrollerAnimationDemoTests.xctest; sourceTree = BUILT_PRODUCTS_DIR; };
		3E9E96A31DF43E5700F0FAA1 /* scrollerAnimationDemoTests.swift */ = {isa = PBXFileReference; lastKnownFileType = sourcecode.swift; path = scrollerAnimationDemoTests.swift; sourceTree = "<group>"; };
		3E9E96A51DF43E5700F0FAA1 /* Info.plist */ = {isa = PBXFileReference; lastKnownFileType = text.plist.xml; path = Info.plist; sourceTree = "<group>"; };
		3E9E96AA1DF43E5700F0FAA1 /* scrollerAnimationDemoUITests.xctest */ = {isa = PBXFileReference; explicitFileType = wrapper.cfbundle; includeInIndex = 0; path = scrollerAnimationDemoUITests.xctest; sourceTree = BUILT_PRODUCTS_DIR; };
		3E9E96AE1DF43E5700F0FAA1 /* scrollerAnimationDemoUITests.swift */ = {isa = PBXFileReference; lastKnownFileType = sourcecode.swift; path = scrollerAnimationDemoUITests.swift; sourceTree = "<group>"; };
		3E9E96B01DF43E5700F0FAA1 /* Info.plist */ = {isa = PBXFileReference; lastKnownFileType = text.plist.xml; path = Info.plist; sourceTree = "<group>"; };
		3E9E96BD1DF43E9E00F0FAA1 /* hScrollerAnimationView.swift */ = {isa = PBXFileReference; fileEncoding = 4; lastKnownFileType = sourcecode.swift; path = hScrollerAnimationView.swift; sourceTree = "<group>"; };
		3E9E96BE1DF43E9E00F0FAA1 /* helper.swift */ = {isa = PBXFileReference; fileEncoding = 4; lastKnownFileType = sourcecode.swift; path = helper.swift; sourceTree = "<group>"; };
		3E9E96BF1DF43E9E00F0FAA1 /* CardView.swift */ = {isa = PBXFileReference; fileEncoding = 4; lastKnownFileType = sourcecode.swift; path = CardView.swift; sourceTree = "<group>"; };
		3E9E96C31DF43F7900F0FAA1 /* hLayout.swift */ = {isa = PBXFileReference; fileEncoding = 4; lastKnownFileType = sourcecode.swift; path = hLayout.swift; sourceTree = "<group>"; };
		3E9E96C91DF44CAE00F0FAA1 /* icon1.jpg */ = {isa = PBXFileReference; lastKnownFileType = image.jpeg; path = icon1.jpg; sourceTree = "<group>"; };
		3E9E96CA1DF44CAE00F0FAA1 /* icon2.jpg */ = {isa = PBXFileReference; lastKnownFileType = image.jpeg; path = icon2.jpg; sourceTree = "<group>"; };
/* End PBXFileReference section */

/* Begin PBXFrameworksBuildPhase section */
		3E9E96881DF43E5700F0FAA1 /* Frameworks */ = {
			isa = PBXFrameworksBuildPhase;
			buildActionMask = 2147483647;
			files = (
			);
			runOnlyForDeploymentPostprocessing = 0;
		};
		3E9E969C1DF43E5700F0FAA1 /* Frameworks */ = {
			isa = PBXFrameworksBuildPhase;
			buildActionMask = 2147483647;
			files = (
			);
			runOnlyForDeploymentPostprocessing = 0;
		};
		3E9E96A71DF43E5700F0FAA1 /* Frameworks */ = {
			isa = PBXFrameworksBuildPhase;
			buildActionMask = 2147483647;
			files = (
			);
			runOnlyForDeploymentPostprocessing = 0;
		};
/* End PBXFrameworksBuildPhase section */

/* Begin PBXGroup section */
		3E9E96821DF43E5700F0FAA1 = {
			isa = PBXGroup;
			children = (
				3E9E96BC1DF43E8C00F0FAA1 /* scrollerAnimation */,
				3E9E968D1DF43E5700F0FAA1 /* scrollerAnimationDemo */,
				3E9E96A21DF43E5700F0FAA1 /* scrollerAnimationDemoTests */,
				3E9E96AD1DF43E5700F0FAA1 /* scrollerAnimationDemoUITests */,
				3E9E968C1DF43E5700F0FAA1 /* Products */,
			);
			sourceTree = "<group>";
		};
		3E9E968C1DF43E5700F0FAA1 /* Products */ = {
			isa = PBXGroup;
			children = (
				3E9E968B1DF43E5700F0FAA1 /* scrollerAnimationDemo.app */,
				3E9E969F1DF43E5700F0FAA1 /* scrollerAnimationDemoTests.xctest */,
				3E9E96AA1DF43E5700F0FAA1 /* scrollerAnimationDemoUITests.xctest */,
			);
			name = Products;
			sourceTree = "<group>";
		};
		3E9E968D1DF43E5700F0FAA1 /* scrollerAnimationDemo */ = {
			isa = PBXGroup;
			children = (
				3E9E968E1DF43E5700F0FAA1 /* AppDelegate.swift */,
				3E9E96901DF43E5700F0FAA1 /* ViewController.swift */,
				3E9E96921DF43E5700F0FAA1 /* Main.storyboard */,
				3E9E96951DF43E5700F0FAA1 /* Assets.xcassets */,
				3E9E96971DF43E5700F0FAA1 /* LaunchScreen.storyboard */,
				3E9E969A1DF43E5700F0FAA1 /* Info.plist */,
			);
			path = scrollerAnimationDemo;
			sourceTree = "<group>";
		};
		3E9E96A21DF43E5700F0FAA1 /* scrollerAnimationDemoTests */ = {
			isa = PBXGroup;
			children = (
				3E9E96A31DF43E5700F0FAA1 /* scrollerAnimationDemoTests.swift */,
				3E9E96A51DF43E5700F0FAA1 /* Info.plist */,
			);
			path = scrollerAnimationDemoTests;
			sourceTree = "<group>";
		};
		3E9E96AD1DF43E5700F0FAA1 /* scrollerAnimationDemoUITests */ = {
			isa = PBXGroup;
			children = (
				3E9E96AE1DF43E5700F0FAA1 /* scrollerAnimationDemoUITests.swift */,
				3E9E96B01DF43E5700F0FAA1 /* Info.plist */,
			);
			path = scrollerAnimationDemoUITests;
			sourceTree = "<group>";
		};
		3E9E96BC1DF43E8C00F0FAA1 /* scrollerAnimation */ = {
			isa = PBXGroup;
			children = (
				3E9E96C91DF44CAE00F0FAA1 /* icon1.jpg */,
				3E9E96CA1DF44CAE00F0FAA1 /* icon2.jpg */,
				3E9E96C31DF43F7900F0FAA1 /* hLayout.swift */,
				3E9E96BD1DF43E9E00F0FAA1 /* hScrollerAnimationView.swift */,
				3E9E96BE1DF43E9E00F0FAA1 /* helper.swift */,
				3E9E96BF1DF43E9E00F0FAA1 /* CardView.swift */,
			);
			path = scrollerAnimation;
			sourceTree = "<group>";
		};
/* End PBXGroup section */

/* Begin PBXNativeTarget section */
		3E9E968A1DF43E5700F0FAA1 /* scrollerAnimationDemo */ = {
			isa = PBXNativeTarget;
			buildConfigurationList = 3E9E96B31DF43E5700F0FAA1 /* Build configuration list for PBXNativeTarget "scrollerAnimationDemo" */;
			buildPhases = (
				3E9E96871DF43E5700F0FAA1 /* Sources */,
				3E9E96881DF43E5700F0FAA1 /* Frameworks */,
				3E9E96891DF43E5700F0FAA1 /* Resources */,
			);
			buildRules = (
			);
			dependencies = (
			);
			name = scrollerAnimationDemo;
			productName = scrollerAnimationDemo;
			productReference = 3E9E968B1DF43E5700F0FAA1 /* scrollerAnimationDemo.app */;
			productType = "com.apple.product-type.application";
		};
		3E9E969E1DF43E5700F0FAA1 /* scrollerAnimationDemoTests */ = {
			isa = PBXNativeTarget;
			buildConfigurationList = 3E9E96B61DF43E5700F0FAA1 /* Build configuration list for PBXNativeTarget "scrollerAnimationDemoTests" */;
			buildPhases = (
				3E9E969B1DF43E5700F0FAA1 /* Sources */,
				3E9E969C1DF43E5700F0FAA1 /* Frameworks */,
				3E9E969D1DF43E5700F0FAA1 /* Resources */,
			);
			buildRules = (
			);
			dependencies = (
				3E9E96A11DF43E5700F0FAA1 /* PBXTargetDependency */,
			);
			name = scrollerAnimationDemoTests;
			productName = scrollerAnimationDemoTests;
			productReference = 3E9E969F1DF43E5700F0FAA1 /* scrollerAnimationDemoTests.xctest */;
			productType = "com.apple.product-type.bundle.unit-test";
		};
		3E9E96A91DF43E5700F0FAA1 /* scrollerAnimationDemoUITests */ = {
			isa = PBXNativeTarget;
			buildConfigurationList = 3E9E96B91DF43E5700F0FAA1 /* Build configuration list for PBXNativeTarget "scrollerAnimationDemoUITests" */;
			buildPhases = (
				3E9E96A61DF43E5700F0FAA1 /* Sources */,
				3E9E96A71DF43E5700F0FAA1 /* Frameworks */,
				3E9E96A81DF43E5700F0FAA1 /* Resources */,
			);
			buildRules = (
			);
			dependencies = (
				3E9E96AC1DF43E5700F0FAA1 /* PBXTargetDependency */,
			);
			name = scrollerAnimationDemoUITests;
			productName = scrollerAnimationDemoUITests;
			productReference = 3E9E96AA1DF43E5700F0FAA1 /* scrollerAnimationDemoUITests.xctest */;
			productType = "com.apple.product-type.bundle.ui-testing";
		};
/* End PBXNativeTarget section */

/* Begin PBXProject section */
		3E9E96831DF43E5700F0FAA1 /* Project object */ = {
			isa = PBXProject;
			attributes = {
				LastSwiftUpdateCheck = 0800;
				LastUpgradeCheck = 0800;
				ORGANIZATIONNAME = asd;
				TargetAttributes = {
					3E9E968A1DF43E5700F0FAA1 = {
						CreatedOnToolsVersion = 8.0;
						ProvisioningStyle = Automatic;
					};
					3E9E969E1DF43E5700F0FAA1 = {
						CreatedOnToolsVersion = 8.0;
						ProvisioningStyle = Automatic;
						TestTargetID = 3E9E968A1DF43E5700F0FAA1;
					};
					3E9E96A91DF43E5700F0FAA1 = {
						CreatedOnToolsVersion = 8.0;
						ProvisioningStyle = Automatic;
						TestTargetID = 3E9E968A1DF43E5700F0FAA1;
					};
				};
			};
			buildConfigurationList = 3E9E96861DF43E5700F0FAA1 /* Build configuration list for PBXProject "scrollerAnimationDemo" */;
			compatibilityVersion = "Xcode 3.2";
			developmentRegion = English;
			hasScannedForEncodings = 0;
			knownRegions = (
				en,
				Base,
			);
			mainGroup = 3E9E96821DF43E5700F0FAA1;
			productRefGroup = 3E9E968C1DF43E5700F0FAA1 /* Products */;
			projectDirPath = "";
			projectRoot = "";
			targets = (
				3E9E968A1DF43E5700F0FAA1 /* scrollerAnimationDemo */,
				3E9E969E1DF43E5700F0FAA1 /* scrollerAnimationDemoTests */,
				3E9E96A91DF43E5700F0FAA1 /* scrollerAnimationDemoUITests */,
			);
		};
/* End PBXProject section */

/* Begin PBXResourcesBuildPhase section */
		3E9E96891DF43E5700F0FAA1 /* Resources */ = {
			isa = PBXResourcesBuildPhase;
			buildActionMask = 2147483647;
			files = (
				3E9E96991DF43E5700F0FAA1 /* LaunchScreen.storyboard in Resources */,
				3E9E96CC1DF44CAE00F0FAA1 /* icon2.jpg in Resources */,
				3E9E96961DF43E5700F0FAA1 /* Assets.xcassets in Resources */,
				3E9E96CB1DF44CAE00F0FAA1 /* icon1.jpg in Resources */,
				3E9E96941DF43E5700F0FAA1 /* Main.storyboard in Resources */,
			);
			runOnlyForDeploymentPostprocessing = 0;
		};
		3E9E969D1DF43E5700F0FAA1 /* Resources */ = {
			isa = PBXResourcesBuildPhase;
			buildActionMask = 2147483647;
			files = (
			);
			runOnlyForDeploymentPostprocessing = 0;
		};
		3E9E96A81DF43E5700F0FAA1 /* Resources */ = {
			isa = PBXResourcesBuildPhase;
			buildActionMask = 2147483647;
			files = (
			);
			runOnlyForDeploymentPostprocessing = 0;
		};
/* End PBXResourcesBuildPhase section */

/* Begin PBXSourcesBuildPhase section */
		3E9E96871DF43E5700F0FAA1 /* Sources */ = {
			isa = PBXSourcesBuildPhase;
			buildActionMask = 2147483647;
			files = (
				3E9E96C41DF43F7900F0FAA1 /* hLayout.swift in Sources */,
				3E9E96C01DF43E9E00F0FAA1 /* hScrollerAnimationView.swift in Sources */,
				3E9E96911DF43E5700F0FAA1 /* ViewController.swift in Sources */,
				3E9E968F1DF43E5700F0FAA1 /* AppDelegate.swift in Sources */,
				3E9E96C11DF43E9E00F0FAA1 /* helper.swift in Sources */,
				3E9E96C21DF43E9E00F0FAA1 /* CardView.swift in Sources */,
			);
			runOnlyForDeploymentPostprocessing = 0;
		};
		3E9E969B1DF43E5700F0FAA1 /* Sources */ = {
			isa = PBXSourcesBuildPhase;
			buildActionMask = 2147483647;
			files = (
				3E9E96A41DF43E5700F0FAA1 /* scrollerAnimationDemoTests.swift in Sources */,
			);
			runOnlyForDeploymentPostprocessing = 0;
		};
		3E9E96A61DF43E5700F0FAA1 /* Sources */ = {
			isa = PBXSourcesBuildPhase;
			buildActionMask = 2147483647;
			files = (
				3E9E96AF1DF43E5700F0FAA1 /* scrollerAnimationDemoUITests.swift in Sources */,
			);
			runOnlyForDeploymentPostprocessing = 0;
		};
/* End PBXSourcesBuildPhase section */

/* Begin PBXTargetDependency section */
		3E9E96A11DF43E5700F0FAA1 /* PBXTargetDependency */ = {
			isa = PBXTargetDependency;
			target = 3E9E968A1DF43E5700F0FAA1 /* scrollerAnimationDemo */;
			targetProxy = 3E9E96A01DF43E5700F0FAA1 /* PBXContainerItemProxy */;
		};
		3E9E96AC1DF43E5700F0FAA1 /* PBXTargetDependency */ = {
			isa = PBXTargetDependency;
			target = 3E9E968A1DF43E5700F0FAA1 /* scrollerAnimationDemo */;
			targetProxy = 3E9E96AB1DF43E5700F0FAA1 /* PBXContainerItemProxy */;
		};
/* End PBXTargetDependency section */

/* Begin PBXVariantGroup section */
		3E9E96921DF43E5700F0FAA1 /* Main.storyboard */ = {
			isa = PBXVariantGroup;
			children = (
				3E9E96931DF43E5700F0FAA1 /* Base */,
			);
			name = Main.storyboard;
			sourceTree = "<group>";
		};
		3E9E96971DF43E5700F0FAA1 /* LaunchScreen.storyboard */ = {
			isa = PBXVariantGroup;
			children = (
				3E9E96981DF43E5700F0FAA1 /* Base */,
			);
			name = LaunchScreen.storyboard;
			sourceTree = "<group>";
		};
/* End PBXVariantGroup section */

/* Begin XCBuildConfiguration section */
		3E9E96B11DF43E5700F0FAA1 /* Debug */ = {
			isa = XCBuildConfiguration;
			buildSettings = {
				ALWAYS_SEARCH_USER_PATHS = NO;
				CLANG_ANALYZER_NONNULL = YES;
				CLANG_CXX_LANGUAGE_STANDARD = "gnu++0x";
				CLANG_CXX_LIBRARY = "libc++";
				CLANG_ENABLE_MODULES = YES;
				CLANG_ENABLE_OBJC_ARC = YES;
				CLANG_WARN_BOOL_CONVERSION = YES;
				CLANG_WARN_CONSTANT_CONVERSION = YES;
				CLANG_WARN_DIRECT_OBJC_ISA_USAGE = YES_ERROR;
				CLANG_WARN_DOCUMENTATION_COMMENTS = YES;
				CLANG_WARN_EMPTY_BODY = YES;
				CLANG_WARN_ENUM_CONVERSION = YES;
				CLANG_WARN_INFINITE_RECURSION = YES;
				CLANG_WARN_INT_CONVERSION = YES;
				CLANG_WARN_OBJC_ROOT_CLASS = YES_ERROR;
				CLANG_WARN_SUSPICIOUS_MOVES = YES;
				CLANG_WARN_UNREACHABLE_CODE = YES;
				CLANG_WARN__DUPLICATE_METHOD_MATCH = YES;
				"CODE_SIGN_IDENTITY[sdk=iphoneos*]" = "iPhone Developer";
				COPY_PHASE_STRIP = NO;
				DEBUG_INFORMATION_FORMAT = dwarf;
				ENABLE_STRICT_OBJC_MSGSEND = YES;
				ENABLE_TESTABILITY = YES;
				GCC_C_LANGUAGE_STANDARD = gnu99;
				GCC_DYNAMIC_NO_PIC = NO;
				GCC_NO_COMMON_BLOCKS = YES;
				GCC_OPTIMIZATION_LEVEL = 0;
				GCC_PREPROCESSOR_DEFINITIONS = (
					"DEBUG=1",
					"$(inherited)",
				);
				GCC_WARN_64_TO_32_BIT_CONVERSION = YES;
				GCC_WARN_ABOUT_RETURN_TYPE = YES_ERROR;
				GCC_WARN_UNDECLARED_SELECTOR = YES;
				GCC_WARN_UNINITIALIZED_AUTOS = YES_AGGRESSIVE;
				GCC_WARN_UNUSED_FUNCTION = YES;
				GCC_WARN_UNUSED_VARIABLE = YES;
				IPHONEOS_DEPLOYMENT_TARGET = 10.0;
				MTL_ENABLE_DEBUG_INFO = YES;
				ONLY_ACTIVE_ARCH = YES;
				SDKROOT = iphoneos;
				SWIFT_ACTIVE_COMPILATION_CONDITIONS = DEBUG;
				SWIFT_OPTIMIZATION_LEVEL = "-Onone";
				TARGETED_DEVICE_FAMILY = "1,2";
			};
			name = Debug;
		};
		3E9E96B21DF43E5700F0FAA1 /* Release */ = {
			isa = XCBuildConfiguration;
			buildSettings = {
				ALWAYS_SEARCH_USER_PATHS = NO;
				CLANG_ANALYZER_NONNULL = YES;
				CLANG_CXX_LANGUAGE_STANDARD = "gnu++0x";
				CLANG_CXX_LIBRARY = "libc++";
				CLANG_ENABLE_MODULES = YES;
				CLANG_ENABLE_OBJC_ARC = YES;
				CLANG_WARN_BOOL_CONVERSION = YES;
				CLANG_WARN_CONSTANT_CONVERSION = YES;
				CLANG_WARN_DIRECT_OBJC_ISA_USAGE = YES_ERROR;
				CLANG_WARN_DOCUMENTATION_COMMENTS = YES;
				CLANG_WARN_EMPTY_BODY = YES;
				CLANG_WARN_ENUM_CONVERSION = YES;
				CLANG_WARN_INFINITE_RECURSION = YES;
				CLANG_WARN_INT_CONVERSION = YES;
				CLANG_WARN_OBJC_ROOT_CLASS = YES_ERROR;
				CLANG_WARN_SUSPICIOUS_MOVES = YES;
				CLANG_WARN_UNREACHABLE_CODE = YES;
				CLANG_WARN__DUPLICATE_METHOD_MATCH = YES;
				"CODE_SIGN_IDENTITY[sdk=iphoneos*]" = "iPhone Developer";
				COPY_PHASE_STRIP = NO;
				DEBUG_INFORMATION_FORMAT = "dwarf-with-dsym";
				ENABLE_NS_ASSERTIONS = NO;
				ENABLE_STRICT_OBJC_MSGSEND = YES;
				GCC_C_LANGUAGE_STANDARD = gnu99;
				GCC_NO_COMMON_BLOCKS = YES;
				GCC_WARN_64_TO_32_BIT_CONVERSION = YES;
				GCC_WARN_ABOUT_RETURN_TYPE = YES_ERROR;
				GCC_WARN_UNDECLARED_SELECTOR = YES;
				GCC_WARN_UNINITIALIZED_AUTOS = YES_AGGRESSIVE;
				GCC_WARN_UNUSED_FUNCTION = YES;
				GCC_WARN_UNUSED_VARIABLE = YES;
				IPHONEOS_DEPLOYMENT_TARGET = 10.0;
				MTL_ENABLE_DEBUG_INFO = NO;
				SDKROOT = iphoneos;
				SWIFT_OPTIMIZATION_LEVEL = "-Owholemodule";
				TARGETED_DEVICE_FAMILY = "1,2";
				VALIDATE_PRODUCT = YES;
			};
			name = Release;
		};
		3E9E96B41DF43E5700F0FAA1 /* Debug */ = {
			isa = XCBuildConfiguration;
			buildSettings = {
				ASSETCATALOG_COMPILER_APPICON_NAME = AppIcon;
				INFOPLIST_FILE = scrollerAnimationDemo/Info.plist;
				LD_RUNPATH_SEARCH_PATHS = "$(inherited) @executable_path/Frameworks";
				PRODUCT_BUNDLE_IDENTIFIER = com.asd.scrollerAnimationDemo;
				PRODUCT_NAME = "$(TARGET_NAME)";
				SWIFT_VERSION = 2.3;
			};
			name = Debug;
		};
		3E9E96B51DF43E5700F0FAA1 /* Release */ = {
			isa = XCBuildConfiguration;
			buildSettings = {
				ASSETCATALOG_COMPILER_APPICON_NAME = AppIcon;
				INFOPLIST_FILE = scrollerAnimationDemo/Info.plist;
				LD_RUNPATH_SEARCH_PATHS = "$(inherited) @executable_path/Frameworks";
				PRODUCT_BUNDLE_IDENTIFIER = com.asd.scrollerAnimationDemo;
				PRODUCT_NAME = "$(TARGET_NAME)";
				SWIFT_VERSION = 2.3;
			};
			name = Release;
		};
		3E9E96B71DF43E5700F0FAA1 /* Debug */ = {
			isa = XCBuildConfiguration;
			buildSettings = {
				ALWAYS_EMBED_SWIFT_STANDARD_LIBRARIES = YES;
				BUNDLE_LOADER = "$(TEST_HOST)";
				INFOPLIST_FILE = scrollerAnimationDemoTests/Info.plist;
				LD_RUNPATH_SEARCH_PATHS = "$(inherited) @executable_path/Frameworks @loader_path/Frameworks";
				PRODUCT_BUNDLE_IDENTIFIER = com.asd.scrollerAnimationDemoTests;
				PRODUCT_NAME = "$(TARGET_NAME)";
				SWIFT_VERSION = 3.0;
				TEST_HOST = "$(BUILT_PRODUCTS_DIR)/scrollerAnimationDemo.app/scrollerAnimationDemo";
			};
			name = Debug;
		};
		3E9E96B81DF43E5700F0FAA1 /* Release */ = {
			isa = XCBuildConfiguration;
			buildSettings = {
				ALWAYS_EMBED_SWIFT_STANDARD_LIBRARIES = YES;
				BUNDLE_LOADER = "$(TEST_HOST)";
				INFOPLIST_FILE = scrollerAnimationDemoTests/Info.plist;
				LD_RUNPATH_SEARCH_PATHS = "$(inherited) @executable_path/Frameworks @loader_path/Frameworks";
				PRODUCT_BUNDLE_IDENTIFIER = com.asd.scrollerAnimationDemoTests;
				PRODUCT_NAME = "$(TARGET_NAME)";
				SWIFT_VERSION = 3.0;
				TEST_HOST = "$(BUILT_PRODUCTS_DIR)/scrollerAnimationDemo.app/scrollerAnimationDemo";
			};
			name = Release;
		};
		3E9E96BA1DF43E5700F0FAA1 /* Debug */ = {
			isa = XCBuildConfiguration;
			buildSettings = {
				ALWAYS_EMBED_SWIFT_STANDARD_LIBRARIES = YES;
				INFOPLIST_FILE = scrollerAnimationDemoUITests/Info.plist;
				LD_RUNPATH_SEARCH_PATHS = "$(inherited) @executable_path/Frameworks @loader_path/Frameworks";
				PRODUCT_BUNDLE_IDENTIFIER = com.asd.scrollerAnimationDemoUITests;
				PRODUCT_NAME = "$(TARGET_NAME)";
				SWIFT_VERSION = 3.0;
				TEST_TARGET_NAME = scrollerAnimationDemo;
			};
			name = Debug;
		};
		3E9E96BB1DF43E5700F0FAA1 /* Release */ = {
			isa = XCBuildConfiguration;
			buildSettings = {
				ALWAYS_EMBED_SWIFT_STANDARD_LIBRARIES = YES;
				INFOPLIST_FILE = scrollerAnimationDemoUITests/Info.plist;
				LD_RUNPATH_SEARCH_PATHS = "$(inherited) @executable_path/Frameworks @loader_path/Frameworks";
				PRODUCT_BUNDLE_IDENTIFIER = com.asd.scrollerAnimationDemoUITests;
				PRODUCT_NAME = "$(TARGET_NAME)";
				SWIFT_VERSION = 3.0;
				TEST_TARGET_NAME = scrollerAnimationDemo;
			};
			name = Release;
		};
/* End XCBuildConfiguration section */

/* Begin XCConfigurationList section */
		3E9E96861DF43E5700F0FAA1 /* Build configuration list for PBXProject "scrollerAnimationDemo" */ = {
			isa = XCConfigurationList;
			buildConfigurations = (
				3E9E96B11DF43E5700F0FAA1 /* Debug */,
				3E9E96B21DF43E5700F0FAA1 /* Release */,
			);
			defaultConfigurationIsVisible = 0;
			defaultConfigurationName = Release;
		};
		3E9E96B31DF43E5700F0FAA1 /* Build configuration list for PBXNativeTarget "scrollerAnimationDemo" */ = {
			isa = XCConfigurationList;
			buildConfigurations = (
				3E9E96B41DF43E5700F0FAA1 /* Debug */,
				3E9E96B51DF43E5700F0FAA1 /* Release */,
			);
			defaultConfigurationIsVisible = 0;
		};
		3E9E96B61DF43E5700F0FAA1 /* Build configuration list for PBXNativeTarget "scrollerAnimationDemoTests" */ = {
			isa = XCConfigurationList;
			buildConfigurations = (
				3E9E96B71DF43E5700F0FAA1 /* Debug */,
				3E9E96B81DF43E5700F0FAA1 /* Release */,
			);
			defaultConfigurationIsVisible = 0;
		};
		3E9E96B91DF43E5700F0FAA1 /* Build configuration list for PBXNativeTarget "scrollerAnimationDemoUITests" */ = {
			isa = XCConfigurationList;
			buildConfigurations = (
				3E9E96BA1DF43E5700F0FAA1 /* Debug */,
				3E9E96BB1DF43E5700F0FAA1 /* Release */,
			);
			defaultConfigurationIsVisible = 0;
		};
/* End XCConfigurationList section */
	};
	rootObject = 3E9E96831DF43E5700F0FAA1 /* Project object */;
}
